// !$*UTF8*$!
{
	archiveVersion = 1;
	classes = {
	};
	objectVersion = 50;
	objects = {

/* Begin PBXBuildFile section */
		BA1AF6E327C801660001C067 /* protocols.swift in Sources */ = {isa = PBXBuildFile; fileRef = BA1AF6E227C801660001C067 /* protocols.swift */; };
		BA1AF6E527C809F10001C067 /* heranca.swift in Sources */ = {isa = PBXBuildFile; fileRef = BA1AF6E427C809F10001C067 /* heranca.swift */; };
		BA98ABF027CFC79200E4DE1E /* Protocols and Delegates.swift in Sources */ = {isa = PBXBuildFile; fileRef = BA98ABEF27CFC79200E4DE1E /* Protocols and Delegates.swift */; };
		BA98ABF727D1186900E4DE1E /* Closures.swift in Sources */ = {isa = PBXBuildFile; fileRef = BA98ABF627D1186900E4DE1E /* Closures.swift */; };
		BA98ABFD27D67E4B00E4DE1E /* extensions.swift in Sources */ = {isa = PBXBuildFile; fileRef = BA98ABFC27D67E4B00E4DE1E /* extensions.swift */; };
		BAB4B04427B2DA2300DDD6E2 /* main.swift in Sources */ = {isa = PBXBuildFile; fileRef = BAB4B04327B2DA2300DDD6E2 /* main.swift */; };
		BAB4B04B27B2DABD00DDD6E2 /* loveCalculator.swift in Sources */ = {isa = PBXBuildFile; fileRef = BAB4B04A27B2DABD00DDD6E2 /* loveCalculator.swift */; };
		BAB4B04D27B2DC5B00DDD6E2 /* anotations.swift in Sources */ = {isa = PBXBuildFile; fileRef = BAB4B04C27B2DC5B00DDD6E2 /* anotations.swift */; };
		BAB4B04F27B303AB00DDD6E2 /* leapYear.swift in Sources */ = {isa = PBXBuildFile; fileRef = BAB4B04E27B303AB00DDD6E2 /* leapYear.swift */; };
		BAB4B05127B6CB7600DDD6E2 /* estruturas.swift in Sources */ = {isa = PBXBuildFile; fileRef = BAB4B05027B6CB7600DDD6E2 /* estruturas.swift */; };
		BAB4B0FC27BADDC200DDD6E2 /* imparPar.swift in Sources */ = {isa = PBXBuildFile; fileRef = BAB4B0FB27BADDC200DDD6E2 /* imparPar.swift */; };
/* End PBXBuildFile section */

/* Begin PBXCopyFilesBuildPhase section */
		BAB4B03E27B2DA2300DDD6E2 /* CopyFiles */ = {
			isa = PBXCopyFilesBuildPhase;
			buildActionMask = 2147483647;
			dstPath = /usr/share/man/man1/;
			dstSubfolderSpec = 0;
			files = (
			);
			runOnlyForDeploymentPostprocessing = 1;
		};
/* End PBXCopyFilesBuildPhase section */

/* Begin PBXFileReference section */
		BA1AF6E227C801660001C067 /* protocols.swift */ = {isa = PBXFileReference; lastKnownFileType = sourcecode.swift; path = protocols.swift; sourceTree = "<group>"; };
		BA1AF6E427C809F10001C067 /* heranca.swift */ = {isa = PBXFileReference; lastKnownFileType = sourcecode.swift; path = heranca.swift; sourceTree = "<group>"; };
		BA98ABEF27CFC79200E4DE1E /* Protocols and Delegates.swift */ = {isa = PBXFileReference; lastKnownFileType = sourcecode.swift; path = "Protocols and Delegates.swift"; sourceTree = "<group>"; };
		BA98ABF627D1186900E4DE1E /* Closures.swift */ = {isa = PBXFileReference; lastKnownFileType = sourcecode.swift; path = Closures.swift; sourceTree = "<group>"; };
		BA98ABFC27D67E4B00E4DE1E /* extensions.swift */ = {isa = PBXFileReference; lastKnownFileType = sourcecode.swift; path = extensions.swift; sourceTree = "<group>"; };
		BAB4B04027B2DA2300DDD6E2 /* MyPlayground */ = {isa = PBXFileReference; explicitFileType = "compiled.mach-o.executable"; includeInIndex = 0; path = MyPlayground; sourceTree = BUILT_PRODUCTS_DIR; };
		BAB4B04327B2DA2300DDD6E2 /* main.swift */ = {isa = PBXFileReference; lastKnownFileType = sourcecode.swift; path = main.swift; sourceTree = "<group>"; };
		BAB4B04A27B2DABD00DDD6E2 /* loveCalculator.swift */ = {isa = PBXFileReference; lastKnownFileType = sourcecode.swift; path = loveCalculator.swift; sourceTree = "<group>"; };
		BAB4B04C27B2DC5B00DDD6E2 /* anotations.swift */ = {isa = PBXFileReference; lastKnownFileType = sourcecode.swift; path = anotations.swift; sourceTree = "<group>"; };
		BAB4B04E27B303AB00DDD6E2 /* leapYear.swift */ = {isa = PBXFileReference; lastKnownFileType = sourcecode.swift; path = leapYear.swift; sourceTree = "<group>"; };
		BAB4B05027B6CB7600DDD6E2 /* estruturas.swift */ = {isa = PBXFileReference; lastKnownFileType = sourcecode.swift; path = estruturas.swift; sourceTree = "<group>"; };
		BAB4B0FB27BADDC200DDD6E2 /* imparPar.swift */ = {isa = PBXFileReference; lastKnownFileType = sourcecode.swift; path = imparPar.swift; sourceTree = "<group>"; };
/* End PBXFileReference section */

/* Begin PBXFrameworksBuildPhase section */
		BAB4B03D27B2DA2300DDD6E2 /* Frameworks */ = {
			isa = PBXFrameworksBuildPhase;
			buildActionMask = 2147483647;
			files = (
			);
			runOnlyForDeploymentPostprocessing = 0;
		};
/* End PBXFrameworksBuildPhase section */

/* Begin PBXGroup section */
		BAB4B03727B2DA2300DDD6E2 = {
			isa = PBXGroup;
			children = (
				BAB4B05027B6CB7600DDD6E2 /* estruturas.swift */,
				BAB4B04227B2DA2300DDD6E2 /* MyPlayground */,
				BAB4B04127B2DA2300DDD6E2 /* Products */,
			);
			sourceTree = "<group>";
		};
		BAB4B04127B2DA2300DDD6E2 /* Products */ = {
			isa = PBXGroup;
			children = (
				BAB4B04027B2DA2300DDD6E2 /* MyPlayground */,
			);
			name = Products;
			sourceTree = "<group>";
		};
		BAB4B04227B2DA2300DDD6E2 /* MyPlayground */ = {
			isa = PBXGroup;
			children = (
				BAB4B04327B2DA2300DDD6E2 /* main.swift */,
				BAB4B04A27B2DABD00DDD6E2 /* loveCalculator.swift */,
				BAB4B04C27B2DC5B00DDD6E2 /* anotations.swift */,
				BAB4B04E27B303AB00DDD6E2 /* leapYear.swift */,
				BAB4B0FB27BADDC200DDD6E2 /* imparPar.swift */,
				BA1AF6E227C801660001C067 /* protocols.swift */,
				BA1AF6E427C809F10001C067 /* heranca.swift */,
				BA98ABEF27CFC79200E4DE1E /* Protocols and Delegates.swift */,
				BA98ABF627D1186900E4DE1E /* Closures.swift */,
				BA98ABFC27D67E4B00E4DE1E /* extensions.swift */,
			);
			path = MyPlayground;
			sourceTree = "<group>";
		};
/* End PBXGroup section */

/* Begin PBXNativeTarget section */
		BAB4B03F27B2DA2300DDD6E2 /* MyPlayground */ = {
			isa = PBXNativeTarget;
			buildConfigurationList = BAB4B04727B2DA2300DDD6E2 /* Build configuration list for PBXNativeTarget "MyPlayground" */;
			buildPhases = (
				BAB4B03C27B2DA2300DDD6E2 /* Sources */,
				BAB4B03D27B2DA2300DDD6E2 /* Frameworks */,
				BAB4B03E27B2DA2300DDD6E2 /* CopyFiles */,
			);
			buildRules = (
			);
			dependencies = (
			);
			name = MyPlayground;
			productName = MyPlayground;
			productReference = BAB4B04027B2DA2300DDD6E2 /* MyPlayground */;
			productType = "com.apple.product-type.tool";
		};
/* End PBXNativeTarget section */

/* Begin PBXProject section */
		BAB4B03827B2DA2300DDD6E2 /* Project object */ = {
			isa = PBXProject;
			attributes = {
				LastSwiftUpdateCheck = 1250;
				LastUpgradeCheck = 1250;
				TargetAttributes = {
					BAB4B03F27B2DA2300DDD6E2 = {
						CreatedOnToolsVersion = 12.5.1;
					};
				};
			};
			buildConfigurationList = BAB4B03B27B2DA2300DDD6E2 /* Build configuration list for PBXProject "MyPlayground" */;
			compatibilityVersion = "Xcode 9.3";
			developmentRegion = en;
			hasScannedForEncodings = 0;
			knownRegions = (
				en,
				Base,
			);
			mainGroup = BAB4B03727B2DA2300DDD6E2;
			productRefGroup = BAB4B04127B2DA2300DDD6E2 /* Products */;
			projectDirPath = "";
			projectRoot = "";
			targets = (
				BAB4B03F27B2DA2300DDD6E2 /* MyPlayground */,
			);
		};
/* End PBXProject section */

/* Begin PBXSourcesBuildPhase section */
		BAB4B03C27B2DA2300DDD6E2 /* Sources */ = {
			isa = PBXSourcesBuildPhase;
			buildActionMask = 2147483647;
			files = (
				BAB4B04F27B303AB00DDD6E2 /* leapYear.swift in Sources */,
				BA1AF6E327C801660001C067 /* protocols.swift in Sources */,
				BA1AF6E527C809F10001C067 /* heranca.swift in Sources */,
				BA98ABFD27D67E4B00E4DE1E /* extensions.swift in Sources */,
				BA98ABF027CFC79200E4DE1E /* Protocols and Delegates.swift in Sources */,
				BAB4B04427B2DA2300DDD6E2 /* main.swift in Sources */,
				BAB4B05127B6CB7600DDD6E2 /* estruturas.swift in Sources */,
				BAB4B04D27B2DC5B00DDD6E2 /* anotations.swift in Sources */,
				BA98ABF727D1186900E4DE1E /* Closures.swift in Sources */,
				BAB4B04B27B2DABD00DDD6E2 /* loveCalculator.swift in Sources */,
				BAB4B0FC27BADDC200DDD6E2 /* imparPar.swift in Sources */,
			);
			runOnlyForDeploymentPostprocessing = 0;
		};
/* End PBXSourcesBuildPhase section */

/* Begin XCBuildConfiguration section */
		BAB4B04527B2DA2300DDD6E2 /* Debug */ = {
			isa = XCBuildConfiguration;
			buildSettings = {
				ALWAYS_SEARCH_USER_PATHS = NO;
				CLANG_ANALYZER_NONNULL = YES;
				CLANG_ANALYZER_NUMBER_OBJECT_CONVERSION = YES_AGGRESSIVE;
				CLANG_CXX_LANGUAGE_STANDARD = "gnu++14";
				CLANG_CXX_LIBRARY = "libc++";
				CLANG_ENABLE_MODULES = YES;
				CLANG_ENABLE_OBJC_ARC = YES;
				CLANG_ENABLE_OBJC_WEAK = YES;
				CLANG_WARN_BLOCK_CAPTURE_AUTORELEASING = YES;
				CLANG_WARN_BOOL_CONVERSION = YES;
				CLANG_WARN_COMMA = YES;
				CLANG_WARN_CONSTANT_CONVERSION = YES;
				CLANG_WARN_DEPRECATED_OBJC_IMPLEMENTATIONS = YES;
				CLANG_WARN_DIRECT_OBJC_ISA_USAGE = YES_ERROR;
				CLANG_WARN_DOCUMENTATION_COMMENTS = YES;
				CLANG_WARN_EMPTY_BODY = YES;
				CLANG_WARN_ENUM_CONVERSION = YES;
				CLANG_WARN_INFINITE_RECURSION = YES;
				CLANG_WARN_INT_CONVERSION = YES;
				CLANG_WARN_NON_LITERAL_NULL_CONVERSION = YES;
				CLANG_WARN_OBJC_IMPLICIT_RETAIN_SELF = YES;
				CLANG_WARN_OBJC_LITERAL_CONVERSION = YES;
				CLANG_WARN_OBJC_ROOT_CLASS = YES_ERROR;
				CLANG_WARN_QUOTED_INCLUDE_IN_FRAMEWORK_HEADER = YES;
				CLANG_WARN_RANGE_LOOP_ANALYSIS = YES;
				CLANG_WARN_STRICT_PROTOTYPES = YES;
				CLANG_WARN_SUSPICIOUS_MOVE = YES;
				CLANG_WARN_UNGUARDED_AVAILABILITY = YES_AGGRESSIVE;
				CLANG_WARN_UNREACHABLE_CODE = YES;
				CLANG_WARN__DUPLICATE_METHOD_MATCH = YES;
				COPY_PHASE_STRIP = NO;
				DEBUG_INFORMATION_FORMAT = dwarf;
				ENABLE_STRICT_OBJC_MSGSEND = YES;
				ENABLE_TESTABILITY = YES;
				GCC_C_LANGUAGE_STANDARD = gnu11;
				GCC_DYNAMIC_NO_PIC = NO;
				GCC_NO_COMMON_BLOCKS = YES;
				GCC_OPTIMIZATION_LEVEL = 0;
				GCC_PREPROCESSOR_DEFINITIONS = (
					"DEBUG=1",
					"$(inherited)",
				);
				GCC_WARN_64_TO_32_BIT_CONVERSION = YES;
				GCC_WARN_ABOUT_RETURN_TYPE = YES_ERROR;
				GCC_WARN_UNDECLARED_SELECTOR = YES;
				GCC_WARN_UNINITIALIZED_AUTOS = YES_AGGRESSIVE;
				GCC_WARN_UNUSED_FUNCTION = YES;
				GCC_WARN_UNUSED_VARIABLE = YES;
				MACOSX_DEPLOYMENT_TARGET = 11.3;
				MTL_ENABLE_DEBUG_INFO = INCLUDE_SOURCE;
				MTL_FAST_MATH = YES;
				ONLY_ACTIVE_ARCH = YES;
				SDKROOT = macosx;
				SWIFT_ACTIVE_COMPILATION_CONDITIONS = DEBUG;
				SWIFT_OPTIMIZATION_LEVEL = "-Onone";
			};
			name = Debug;
		};
		BAB4B04627B2DA2300DDD6E2 /* Release */ = {
			isa = XCBuildConfiguration;
			buildSettings = {
				ALWAYS_SEARCH_USER_PATHS = NO;
				CLANG_ANALYZER_NONNULL = YES;
				CLANG_ANALYZER_NUMBER_OBJECT_CONVERSION = YES_AGGRESSIVE;
				CLANG_CXX_LANGUAGE_STANDARD = "gnu++14";
				CLANG_CXX_LIBRARY = "libc++";
				CLANG_ENABLE_MODULES = YES;
				CLANG_ENABLE_OBJC_ARC = YES;
				CLANG_ENABLE_OBJC_WEAK = YES;
				CLANG_WARN_BLOCK_CAPTURE_AUTORELEASING = YES;
				CLANG_WARN_BOOL_CONVERSION = YES;
				CLANG_WARN_COMMA = YES;
				CLANG_WARN_CONSTANT_CONVERSION = YES;
				CLANG_WARN_DEPRECATED_OBJC_IMPLEMENTATIONS = YES;
				CLANG_WARN_DIRECT_OBJC_ISA_USAGE = YES_ERROR;
				CLANG_WARN_DOCUMENTATION_COMMENTS = YES;
				CLANG_WARN_EMPTY_BODY = YES;
				CLANG_WARN_ENUM_CONVERSION = YES;
				CLANG_WARN_INFINITE_RECURSION = YES;
				CLANG_WARN_INT_CONVERSION = YES;
				CLANG_WARN_NON_LITERAL_NULL_CONVERSION = YES;
				CLANG_WARN_OBJC_IMPLICIT_RETAIN_SELF = YES;
				CLANG_WARN_OBJC_LITERAL_CONVERSION = YES;
				CLANG_WARN_OBJC_ROOT_CLASS = YES_ERROR;
				CLANG_WARN_QUOTED_INCLUDE_IN_FRAMEWORK_HEADER = YES;
				CLANG_WARN_RANGE_LOOP_ANALYSIS = YES;
				CLANG_WARN_STRICT_PROTOTYPES = YES;
				CLANG_WARN_SUSPICIOUS_MOVE = YES;
				CLANG_WARN_UNGUARDED_AVAILABILITY = YES_AGGRESSIVE;
				CLANG_WARN_UNREACHABLE_CODE = YES;
				CLANG_WARN__DUPLICATE_METHOD_MATCH = YES;
				COPY_PHASE_STRIP = NO;
				DEBUG_INFORMATION_FORMAT = "dwarf-with-dsym";
				ENABLE_NS_ASSERTIONS = NO;
				ENABLE_STRICT_OBJC_MSGSEND = YES;
				GCC_C_LANGUAGE_STANDARD = gnu11;
				GCC_NO_COMMON_BLOCKS = YES;
				GCC_WARN_64_TO_32_BIT_CONVERSION = YES;
				GCC_WARN_ABOUT_RETURN_TYPE = YES_ERROR;
				GCC_WARN_UNDECLARED_SELECTOR = YES;
				GCC_WARN_UNINITIALIZED_AUTOS = YES_AGGRESSIVE;
				GCC_WARN_UNUSED_FUNCTION = YES;
				GCC_WARN_UNUSED_VARIABLE = YES;
				MACOSX_DEPLOYMENT_TARGET = 11.3;
				MTL_ENABLE_DEBUG_INFO = NO;
				MTL_FAST_MATH = YES;
				SDKROOT = macosx;
				SWIFT_COMPILATION_MODE = wholemodule;
				SWIFT_OPTIMIZATION_LEVEL = "-O";
			};
			name = Release;
		};
		BAB4B04827B2DA2300DDD6E2 /* Debug */ = {
			isa = XCBuildConfiguration;
			buildSettings = {
				CODE_SIGN_STYLE = Automatic;
				PRODUCT_NAME = "$(TARGET_NAME)";
				SWIFT_VERSION = 5.0;
			};
			name = Debug;
		};
		BAB4B04927B2DA2300DDD6E2 /* Release */ = {
			isa = XCBuildConfiguration;
			buildSettings = {
				CODE_SIGN_STYLE = Automatic;
				PRODUCT_NAME = "$(TARGET_NAME)";
				SWIFT_VERSION = 5.0;
			};
			name = Release;
		};
/* End XCBuildConfiguration section */

/* Begin XCConfigurationList section */
		BAB4B03B27B2DA2300DDD6E2 /* Build configuration list for PBXProject "MyPlayground" */ = {
			isa = XCConfigurationList;
			buildConfigurations = (
				BAB4B04527B2DA2300DDD6E2 /* Debug */,
				BAB4B04627B2DA2300DDD6E2 /* Release */,
			);
			defaultConfigurationIsVisible = 0;
			defaultConfigurationName = Release;
		};
		BAB4B04727B2DA2300DDD6E2 /* Build configuration list for PBXNativeTarget "MyPlayground" */ = {
			isa = XCConfigurationList;
			buildConfigurations = (
				BAB4B04827B2DA2300DDD6E2 /* Debug */,
				BAB4B04927B2DA2300DDD6E2 /* Release */,
			);
			defaultConfigurationIsVisible = 0;
			defaultConfigurationName = Release;
		};
/* End XCConfigurationList section */
	};
	rootObject = BAB4B03827B2DA2300DDD6E2 /* Project object */;
}
